<?xml version="1.0" encoding="UTF-8"?>
<CONFIG>
  <ProjectOptions>
    <Version Value="9"/>
    <PathDelim Value="\"/>
    <General>
      <SessionStorage Value="InProjectDir"/>
      <MainUnit Value="0"/>
      <Title Value="uiTests"/>
      <ResourceType Value="res"/>
      <UseXPManifest Value="True"/>
      <Icon Value="0"/>
    </General>
    <i18n>
      <EnableI18N LFM="False"/>
    </i18n>
    <VersionInfo>
      <StringTable ProductVersion=""/>
    </VersionInfo>
    <BuildModes Count="1">
      <Item1 Name="Default" Default="True"/>
    </BuildModes>
    <PublishOptions>
      <Version Value="2"/>
    </PublishOptions>
    <RunParams>
      <local>
        <FormatVersion Value="1"/>
      </local>
    </RunParams>
    <RequiredPackages Count="2">
      <Item1>
        <PackageName Value="IDEIntf"/>
      </Item1>
      <Item2>
        <PackageName Value="LCL"/>
      </Item2>
    </RequiredPackages>
    <Units Count="12">
      <Unit0>
        <Filename Value="uiTests.lpr"/>
        <IsPartOfProject Value="True"/>
      </Unit0>
      <Unit1>
        <Filename Value="src\wndMain.pas"/>
        <IsPartOfProject Value="True"/>
        <ComponentName Value="mainWnd"/>
        <ResourceBaseClass Value="Form"/>
      </Unit1>
      <Unit2>
        <Filename Value="src\wndTest\wndTestCORE.pas"/>
        <IsPartOfProject Value="True"/>
        <ComponentName Value="TestCOREwnd"/>
        <HasResources Value="True"/>
        <ResourceBaseClass Value="Form"/>
      </Unit2>
      <Unit3>
        <Filename Value="..\..\src\lazExt_extIDEM_frm_sub_valTEXT.pas"/>
        <IsPartOfProject Value="True"/>
        <ComponentName Value="extIDEM_sub_valTEXT_frm"/>
        <HasResources Value="True"/>
        <ResourceBaseClass Value="Frame"/>
      </Unit3>
      <Unit4>
        <Filename Value="src\SetUpListTests.pas"/>
        <IsPartOfProject Value="True"/>
      </Unit4>
      <Unit5>
        <Filename Value="..\..\src\lazExt_extIDEM_frm_sub_RESULT.pas"/>
        <IsPartOfProject Value="True"/>
        <ComponentName Value="extIDEM_sub_RESULT_frm"/>
        <HasResources Value="True"/>
        <ResourceBaseClass Value="Frame"/>
      </Unit5>
      <Unit6>
        <Filename Value="..\..\src\lazExt_extIDEM_frm_sub_COMMENTs.pas"/>
        <IsPartOfProject Value="True"/>
        <ComponentName Value="extIDEM_sub_COMMENTs_frm"/>
        <HasResources Value="True"/>
        <ResourceBaseClass Value="Frame"/>
      </Unit6>
      <Unit7>
        <Filename Value="..\..\src\lazExt_extIDEM_frm_sub_valFILE.pas"/>
        <IsPartOfProject Value="True"/>
        <ComponentName Value="extIDEM_sub_valFILE_frm"/>
        <HasResources Value="True"/>
        <ResourceBaseClass Value="Frame"/>
      </Unit7>
      <Unit8>
        <Filename Value="..\..\src\maCRO\maCROs\lazExt_extIDEM_maCRO_File_CORE.pas"/>
        <IsPartOfProject Value="True"/>
        <ComponentName Value="lazExt_extIDEM_maCRO_File_CORE_edit"/>
        <HasResources Value="True"/>
        <ResourceBaseClass Value="Frame"/>
      </Unit8>
      <Unit9>
        <Filename Value="..\..\src\coreObject\extIDEM_coreObject.pas"/>
        <IsPartOfProject Value="True"/>
        <ComponentName Value="extIDEM_core_objEDIT"/>
        <HasResources Value="True"/>
        <ResourceBaseClass Value="Frame"/>
      </Unit9>
      <Unit10>
        <Filename Value="..\..\src\maCRO\maCROs\lazExt_extIDEM_maCRO_Text_CORE.pas"/>
        <IsPartOfProject Value="True"/>
        <ComponentName Value="lazExt_extIDEM_maCRO_Text_CORE_edit"/>
        <HasResources Value="True"/>
        <ResourceBaseClass Value="Frame"/>
      </Unit10>
      <Unit11>
        <Filename Value="..\..\src\maCRO\lazExt_extIDEM_maCRO_node.pas"/>
        <IsPartOfProject Value="True"/>
      </Unit11>
    </Units>
  </ProjectOptions>
  <CompilerOptions>
    <Version Value="11"/>
    <PathDelim Value="\"/>
    <Target>
      <Filename Value="uiTests"/>
    </Target>
    <SearchPaths>
      <IncludeFiles Value="$(ProjOutDir);..\.."/>
      <OtherUnitFiles Value="src;src\wndTest;..\..\src;..\..\src\maCRO\maCROs;..\..\src\maCRO;..\..\src\coreObject"/>
      <UnitOutputDirectory Value="lib\$(TargetCPU)-$(TargetOS)"/>
    </SearchPaths>
    <Linking>
      <Options>
        <Win32>
          <GraphicApplication Value="True"/>
        </Win32>
      </Options>
    </Linking>
  </CompilerOptions>
  <Debugging>
    <Exceptions Count="3">
      <Item1>
        <Name Value="EAbort"/>
      </Item1>
      <Item2>
        <Name Value="ECodetoolError"/>
      </Item2>
      <Item3>
        <Name Value="EFOpenError"/>
      </Item3>
    </Exceptions>
  </Debugging>
</CONFIG>
